
Microsoft Visual Studio Solution File, Format Version 12.00
# Visual Studio Version 17
VisualStudioVersion = 17.5.002.0
MinimumVisualStudioVersion = 10.0.40219.1
Project("{9A19103F-16F7-4668-BE54-9A1E7A4F7556}") = "EFPostgre.Domain", "EFPostgre.Domain\EFPostgre.Domain.csproj", "{9115DB54-5BEF-417F-85C3-4F538680BEB1}"
EndProject
Project("{FAE04EC0-301F-11D3-BF4B-00C04F79EFBC}") = "EFPostgre.Persistence", "EFPostgre.Persistence\EFPostgre.Persistence.csproj", "{73FACA67-2672-4295-9156-128396FB9BC0}"
EndProject
Project("{FAE04EC0-301F-11D3-BF4B-00C04F79EFBC}") = "EFPostgre.Presentaion", "EFPostgre.Presentaion\EFPostgre.Presentaion.csproj", "{443EC650-C417-4999-8BC6-1C561AE7D799}"
EndProject
Global
	GlobalSection(SolutionConfigurationPlatforms) = preSolution
		Debug|Any CPU = Debug|Any CPU
		Release|Any CPU = Release|Any CPU
	EndGlobalSection
	GlobalSection(ProjectConfigurationPlatforms) = postSolution
		{9115DB54-5BEF-417F-85C3-4F538680BEB1}.Debug|Any CPU.ActiveCfg = Debug|Any CPU
		{9115DB54-5BEF-417F-85C3-4F538680BEB1}.Debug|Any CPU.Build.0 = Debug|Any CPU
		{9115DB54-5BEF-417F-85C3-4F538680BEB1}.Release|Any CPU.ActiveCfg = Release|Any CPU
		{9115DB54-5BEF-417F-85C3-4F538680BEB1}.Release|Any CPU.Build.0 = Release|Any CPU
		{73FACA67-2672-4295-9156-128396FB9BC0}.Debug|Any CPU.ActiveCfg = Debug|Any CPU
		{73FACA67-2672-4295-9156-128396FB9BC0}.Debug|Any CPU.Build.0 = Debug|Any CPU
		{73FACA67-2672-4295-9156-128396FB9BC0}.Release|Any CPU.ActiveCfg = Release|Any CPU
		{73FACA67-2672-4295-9156-128396FB9BC0}.Release|Any CPU.Build.0 = Release|Any CPU
		{443EC650-C417-4999-8BC6-1C561AE7D799}.Debug|Any CPU.ActiveCfg = Debug|Any CPU
		{443EC650-C417-4999-8BC6-1C561AE7D799}.Debug|Any CPU.Build.0 = Debug|Any CPU
		{443EC650-C417-4999-8BC6-1C561AE7D799}.Release|Any CPU.ActiveCfg = Release|Any CPU
		{443EC650-C417-4999-8BC6-1C561AE7D799}.Release|Any CPU.Build.0 = Release|Any CPU
	EndGlobalSection
	GlobalSection(SolutionProperties) = preSolution
		HideSolutionNode = FALSE
	EndGlobalSection
	GlobalSection(ExtensibilityGlobals) = postSolution
		SolutionGuid = {0951C2B6-66AE-42B1-BAE8-B245E727E55B}
	EndGlobalSection
EndGlobal
