
Microsoft Visual Studio Solution File, Format Version 12.00
# Visual Studio Version 17
VisualStudioVersion = 17.5.002.0
MinimumVisualStudioVersion = 10.0.40219.1
Project("{9A19103F-16F7-4668-BE54-9A1E7A4F7556}") = "Spovify.Application", "Spovify.Application\Spovify.Application.csproj", "{25AE85D9-1A68-48E0-AE05-1467D1ABD78C}"
EndProject
Project("{9A19103F-16F7-4668-BE54-9A1E7A4F7556}") = "Spovify.Domain", "Spovify.Domain\Spovify.Domain.csproj", "{60521C68-ACD8-4134-BFB8-6F7228ED1C5D}"
EndProject
Global
	GlobalSection(SolutionConfigurationPlatforms) = preSolution
		Debug|Any CPU = Debug|Any CPU
		Release|Any CPU = Release|Any CPU
	EndGlobalSection
	GlobalSection(ProjectConfigurationPlatforms) = postSolution
		{25AE85D9-1A68-48E0-AE05-1467D1ABD78C}.Debug|Any CPU.ActiveCfg = Debug|Any CPU
		{25AE85D9-1A68-48E0-AE05-1467D1ABD78C}.Debug|Any CPU.Build.0 = Debug|Any CPU
		{25AE85D9-1A68-48E0-AE05-1467D1ABD78C}.Release|Any CPU.ActiveCfg = Release|Any CPU
		{25AE85D9-1A68-48E0-AE05-1467D1ABD78C}.Release|Any CPU.Build.0 = Release|Any CPU
		{60521C68-ACD8-4134-BFB8-6F7228ED1C5D}.Debug|Any CPU.ActiveCfg = Debug|Any CPU
		{60521C68-ACD8-4134-BFB8-6F7228ED1C5D}.Debug|Any CPU.Build.0 = Debug|Any CPU
		{60521C68-ACD8-4134-BFB8-6F7228ED1C5D}.Release|Any CPU.ActiveCfg = Release|Any CPU
		{60521C68-ACD8-4134-BFB8-6F7228ED1C5D}.Release|Any CPU.Build.0 = Release|Any CPU
	EndGlobalSection
	GlobalSection(SolutionProperties) = preSolution
		HideSolutionNode = FALSE
	EndGlobalSection
	GlobalSection(ExtensibilityGlobals) = postSolution
		SolutionGuid = {C8438FE4-184C-4E1A-8BC9-4A9C7985C88F}
	EndGlobalSection
EndGlobal
