
Microsoft Visual Studio Solution File, Format Version 12.00
# Visual Studio Version 17
VisualStudioVersion = 17.5.002.0
MinimumVisualStudioVersion = 10.0.40219.1
Project("{9A19103F-16F7-4668-BE54-9A1E7A4F7556}") = "TrollifySound.Application", "TrollifySound.Application\TrollifySound.Application.csproj", "{7E809304-24E5-4ED4-A84C-38277BDB1A45}"
EndProject
Project("{9A19103F-16F7-4668-BE54-9A1E7A4F7556}") = "TrollifySound.Domain", "TrollifySound.Domain\TrollifySound.Domain.csproj", "{FDD50828-F19E-4409-A7F4-C94C8D2BB664}"
EndProject
Global
	GlobalSection(SolutionConfigurationPlatforms) = preSolution
		Debug|Any CPU = Debug|Any CPU
		Release|Any CPU = Release|Any CPU
	EndGlobalSection
	GlobalSection(ProjectConfigurationPlatforms) = postSolution
		{7E809304-24E5-4ED4-A84C-38277BDB1A45}.Debug|Any CPU.ActiveCfg = Debug|Any CPU
		{7E809304-24E5-4ED4-A84C-38277BDB1A45}.Debug|Any CPU.Build.0 = Debug|Any CPU
		{7E809304-24E5-4ED4-A84C-38277BDB1A45}.Release|Any CPU.ActiveCfg = Release|Any CPU
		{7E809304-24E5-4ED4-A84C-38277BDB1A45}.Release|Any CPU.Build.0 = Release|Any CPU
		{FDD50828-F19E-4409-A7F4-C94C8D2BB664}.Debug|Any CPU.ActiveCfg = Debug|Any CPU
		{FDD50828-F19E-4409-A7F4-C94C8D2BB664}.Debug|Any CPU.Build.0 = Debug|Any CPU
		{FDD50828-F19E-4409-A7F4-C94C8D2BB664}.Release|Any CPU.ActiveCfg = Release|Any CPU
		{FDD50828-F19E-4409-A7F4-C94C8D2BB664}.Release|Any CPU.Build.0 = Release|Any CPU
	EndGlobalSection
	GlobalSection(SolutionProperties) = preSolution
		HideSolutionNode = FALSE
	EndGlobalSection
	GlobalSection(ExtensibilityGlobals) = postSolution
		SolutionGuid = {156C7AAA-63D9-447E-9FF5-FC0494A77DB0}
	EndGlobalSection
EndGlobal
