
Microsoft Visual Studio Solution File, Format Version 12.00
# Visual Studio Version 17
VisualStudioVersion = 17.5.002.0
MinimumVisualStudioVersion = 10.0.40219.1
Project("{9A19103F-16F7-4668-BE54-9A1E7A4F7556}") = "App.WebAPI", "App.WebAPI\App.WebAPI.csproj", "{59F1766C-8B50-439E-AF09-C8160EB43489}"
EndProject
Global
	GlobalSection(SolutionConfigurationPlatforms) = preSolution
		Debug|Any CPU = Debug|Any CPU
		Release|Any CPU = Release|Any CPU
	EndGlobalSection
	GlobalSection(ProjectConfigurationPlatforms) = postSolution
		{59F1766C-8B50-439E-AF09-C8160EB43489}.Debug|Any CPU.ActiveCfg = Debug|Any CPU
		{59F1766C-8B50-439E-AF09-C8160EB43489}.Debug|Any CPU.Build.0 = Debug|Any CPU
		{59F1766C-8B50-439E-AF09-C8160EB43489}.Release|Any CPU.ActiveCfg = Release|Any CPU
		{59F1766C-8B50-439E-AF09-C8160EB43489}.Release|Any CPU.Build.0 = Release|Any CPU
	EndGlobalSection
	GlobalSection(SolutionProperties) = preSolution
		HideSolutionNode = FALSE
	EndGlobalSection
	GlobalSection(ExtensibilityGlobals) = postSolution
		SolutionGuid = {90802376-1F20-4E6D-B2E9-FF760C8F5DD0}
	EndGlobalSection
EndGlobal
