
Microsoft Visual Studio Solution File, Format Version 12.00
# Visual Studio Version 17
VisualStudioVersion = 17.5.002.0
MinimumVisualStudioVersion = 10.0.40219.1
Project("{9A19103F-16F7-4668-BE54-9A1E7A4F7556}") = "Productify.Domain", "Productify.Domain\Productify.Domain.csproj", "{880D3193-7C74-4AD5-9764-4636A991AB27}"
EndProject
Project("{9A19103F-16F7-4668-BE54-9A1E7A4F7556}") = "Productify.Persistence", "Productify.Persistence\Productify.Persistence.csproj", "{E5178233-593C-44BC-9015-23EA090C9D2F}"
EndProject
Project("{9A19103F-16F7-4668-BE54-9A1E7A4F7556}") = "Productify.Application", "Productify.Application\Productify.Application.csproj", "{36461ADC-B645-4D7F-B696-93151C8D151C}"
EndProject
Project("{FAE04EC0-301F-11D3-BF4B-00C04F79EFBC}") = "Productify.Presentation", "Productify.Presentation\Productify.Presentation.csproj", "{E0FE6C46-C817-47D0-AD1F-75E6C460C063}"
EndProject
Global
	GlobalSection(SolutionConfigurationPlatforms) = preSolution
		Debug|Any CPU = Debug|Any CPU
		Release|Any CPU = Release|Any CPU
	EndGlobalSection
	GlobalSection(ProjectConfigurationPlatforms) = postSolution
		{880D3193-7C74-4AD5-9764-4636A991AB27}.Debug|Any CPU.ActiveCfg = Debug|Any CPU
		{880D3193-7C74-4AD5-9764-4636A991AB27}.Debug|Any CPU.Build.0 = Debug|Any CPU
		{880D3193-7C74-4AD5-9764-4636A991AB27}.Release|Any CPU.ActiveCfg = Release|Any CPU
		{880D3193-7C74-4AD5-9764-4636A991AB27}.Release|Any CPU.Build.0 = Release|Any CPU
		{E5178233-593C-44BC-9015-23EA090C9D2F}.Debug|Any CPU.ActiveCfg = Debug|Any CPU
		{E5178233-593C-44BC-9015-23EA090C9D2F}.Debug|Any CPU.Build.0 = Debug|Any CPU
		{E5178233-593C-44BC-9015-23EA090C9D2F}.Release|Any CPU.ActiveCfg = Release|Any CPU
		{E5178233-593C-44BC-9015-23EA090C9D2F}.Release|Any CPU.Build.0 = Release|Any CPU
		{36461ADC-B645-4D7F-B696-93151C8D151C}.Debug|Any CPU.ActiveCfg = Debug|Any CPU
		{36461ADC-B645-4D7F-B696-93151C8D151C}.Debug|Any CPU.Build.0 = Debug|Any CPU
		{36461ADC-B645-4D7F-B696-93151C8D151C}.Release|Any CPU.ActiveCfg = Release|Any CPU
		{36461ADC-B645-4D7F-B696-93151C8D151C}.Release|Any CPU.Build.0 = Release|Any CPU
		{E0FE6C46-C817-47D0-AD1F-75E6C460C063}.Debug|Any CPU.ActiveCfg = Debug|Any CPU
		{E0FE6C46-C817-47D0-AD1F-75E6C460C063}.Debug|Any CPU.Build.0 = Debug|Any CPU
		{E0FE6C46-C817-47D0-AD1F-75E6C460C063}.Release|Any CPU.ActiveCfg = Release|Any CPU
		{E0FE6C46-C817-47D0-AD1F-75E6C460C063}.Release|Any CPU.Build.0 = Release|Any CPU
	EndGlobalSection
	GlobalSection(SolutionProperties) = preSolution
		HideSolutionNode = FALSE
	EndGlobalSection
	GlobalSection(ExtensibilityGlobals) = postSolution
		SolutionGuid = {BAA5B70F-82F2-4EA0-909A-3B967A443649}
	EndGlobalSection
EndGlobal
